
Microsoft Visual Studio Solution File, Format Version 12.00
# Visual Studio Version 17
VisualStudioVersion = 17.11.35208.52
MinimumVisualStudioVersion = 10.0.40219.1
Project("{FAE04EC0-301F-11D3-BF4B-00C04F79EFBC}") = "ToDoList", "ToDoList.csproj", "{128C1CD3-635A-467F-BC5E-E7720E27AAD3}"
EndProject
Global
	GlobalSection(SolutionConfigurationPlatforms) = preSolution
		Debug|Any CPU = Debug|Any CPU
		Release|Any CPU = Release|Any CPU
	EndGlobalSection
	GlobalSection(ProjectConfigurationPlatforms) = postSolution
		{128C1CD3-635A-467F-BC5E-E7720E27AAD3}.Debug|Any CPU.ActiveCfg = Debug|Any CPU
		{128C1CD3-635A-467F-BC5E-E7720E27AAD3}.Debug|Any CPU.Build.0 = Debug|Any CPU
		{128C1CD3-635A-467F-BC5E-E7720E27AAD3}.Debug|Any CPU.Deploy.0 = Debug|Any CPU
		{128C1CD3-635A-467F-BC5E-E7720E27AAD3}.Release|Any CPU.ActiveCfg = Release|Any CPU
		{128C1CD3-635A-467F-BC5E-E7720E27AAD3}.Release|Any CPU.Build.0 = Release|Any CPU
		{128C1CD3-635A-467F-BC5E-E7720E27AAD3}.Release|Any CPU.Deploy.0 = Release|Any CPU
	EndGlobalSection
	GlobalSection(SolutionProperties) = preSolution
		HideSolutionNode = FALSE
	EndGlobalSection
	GlobalSection(ExtensibilityGlobals) = postSolution
		SolutionGuid = {9332F4B6-11C3-4161-BE3D-908EDBEA0252}
	EndGlobalSection
EndGlobal
